// !$*UTF8*$!
{
	archiveVersion = 1;
	classes = {
	};
	objectVersion = 46;
	objects = {

/* Begin PBXBuildFile section */
		BE570A2A1DEC8DBC00F72C93 /* AppDelegate.swift in Sources */ = {isa = PBXBuildFile; fileRef = BE570A291DEC8DBC00F72C93 /* AppDelegate.swift */; };
		BE570A2C1DEC8DBC00F72C93 /* ViewController.swift in Sources */ = {isa = PBXBuildFile; fileRef = BE570A2B1DEC8DBC00F72C93 /* ViewController.swift */; };
		BE570A2F1DEC8DBC00F72C93 /* Main.storyboard in Resources */ = {isa = PBXBuildFile; fileRef = BE570A2D1DEC8DBC00F72C93 /* Main.storyboard */; };
		BE570A311DEC8DBC00F72C93 /* Assets.xcassets in Resources */ = {isa = PBXBuildFile; fileRef = BE570A301DEC8DBC00F72C93 /* Assets.xcassets */; };
		BE570A341DEC8DBC00F72C93 /* LaunchScreen.storyboard in Resources */ = {isa = PBXBuildFile; fileRef = BE570A321DEC8DBC00F72C93 /* LaunchScreen.storyboard */; };
		BEFAE1851DF556A30001E2BD /* ButtonSound.wav in Resources */ = {isa = PBXBuildFile; fileRef = BEFAE1841DF556A30001E2BD /* ButtonSound.wav */; };
		BEFAE1891DF7CE8E0001E2BD /* recycle-bin.jpg in Resources */ = {isa = PBXBuildFile; fileRef = BEFAE1881DF7CE8E0001E2BD /* recycle-bin.jpg */; };
/* End PBXBuildFile section */

/* Begin PBXFileReference section */
		BE570A261DEC8DBC00F72C93 /* Rubbish Calculator.app */ = {isa = PBXFileReference; explicitFileType = wrapper.application; includeInIndex = 0; path = "Rubbish Calculator.app"; sourceTree = BUILT_PRODUCTS_DIR; };
		BE570A291DEC8DBC00F72C93 /* AppDelegate.swift */ = {isa = PBXFileReference; lastKnownFileType = sourcecode.swift; path = AppDelegate.swift; sourceTree = "<group>"; };
		BE570A2B1DEC8DBC00F72C93 /* ViewController.swift */ = {isa = PBXFileReference; lastKnownFileType = sourcecode.swift; path = ViewController.swift; sourceTree = "<group>"; };
		BE570A2E1DEC8DBC00F72C93 /* Base */ = {isa = PBXFileReference; lastKnownFileType = file.storyboard; name = Base; path = Base.lproj/Main.storyboard; sourceTree = "<group>"; };
		BE570A301DEC8DBC00F72C93 /* Assets.xcassets */ = {isa = PBXFileReference; lastKnownFileType = folder.assetcatalog; path = Assets.xcassets; sourceTree = "<group>"; };
		BE570A331DEC8DBC00F72C93 /* Base */ = {isa = PBXFileReference; lastKnownFileType = file.storyboard; name = Base; path = Base.lproj/LaunchScreen.storyboard; sourceTree = "<group>"; };
		BE570A351DEC8DBC00F72C93 /* Info.plist */ = {isa = PBXFileReference; lastKnownFileType = text.plist.xml; path = Info.plist; sourceTree = "<group>"; };
		BEFAE1841DF556A30001E2BD /* ButtonSound.wav */ = {isa = PBXFileReference; lastKnownFileType = audio.wav; path = ButtonSound.wav; sourceTree = "<group>"; };
		BEFAE1881DF7CE8E0001E2BD /* recycle-bin.jpg */ = {isa = PBXFileReference; lastKnownFileType = image.jpeg; path = "recycle-bin.jpg"; sourceTree = "<group>"; };
/* End PBXFileReference section */

/* Begin PBXFrameworksBuildPhase section */
		BE570A231DEC8DBC00F72C93 /* Frameworks */ = {
			isa = PBXFrameworksBuildPhase;
			buildActionMask = 2147483647;
			files = (
			);
			runOnlyForDeploymentPostprocessing = 0;
		};
/* End PBXFrameworksBuildPhase section */

/* Begin PBXGroup section */
		BE570A1D1DEC8DBC00F72C93 = {
			isa = PBXGroup;
			children = (
				BE570A281DEC8DBC00F72C93 /* Rubbish Calculator */,
				BE570A271DEC8DBC00F72C93 /* Products */,
			);
			sourceTree = "<group>";
		};
		BE570A271DEC8DBC00F72C93 /* Products */ = {
			isa = PBXGroup;
			children = (
				BE570A261DEC8DBC00F72C93 /* Rubbish Calculator.app */,
			);
			name = Products;
			sourceTree = "<group>";
		};
		BE570A281DEC8DBC00F72C93 /* Rubbish Calculator */ = {
			isa = PBXGroup;
			children = (
				BE570A291DEC8DBC00F72C93 /* AppDelegate.swift */,
				BE570A2B1DEC8DBC00F72C93 /* ViewController.swift */,
				BE570A2D1DEC8DBC00F72C93 /* Main.storyboard */,
				BE570A321DEC8DBC00F72C93 /* LaunchScreen.storyboard */,
				BEFAE1841DF556A30001E2BD /* ButtonSound.wav */,
				BEFAE1881DF7CE8E0001E2BD /* recycle-bin.jpg */,
				BE570A301DEC8DBC00F72C93 /* Assets.xcassets */,
				BE570A351DEC8DBC00F72C93 /* Info.plist */,
			);
			path = "Rubbish Calculator";
			sourceTree = "<group>";
		};
/* End PBXGroup section */

/* Begin PBXNativeTarget section */
		BE570A251DEC8DBC00F72C93 /* Rubbish Calculator */ = {
			isa = PBXNativeTarget;
			buildConfigurationList = BE570A381DEC8DBC00F72C93 /* Build configuration list for PBXNativeTarget "Rubbish Calculator" */;
			buildPhases = (
				BE570A221DEC8DBC00F72C93 /* Sources */,
				BE570A231DEC8DBC00F72C93 /* Frameworks */,
				BE570A241DEC8DBC00F72C93 /* Resources */,
			);
			buildRules = (
			);
			dependencies = (
			);
			name = "Rubbish Calculator";
			productName = "Rubbish Calculator";
			productReference = BE570A261DEC8DBC00F72C93 /* Rubbish Calculator.app */;
			productType = "com.apple.product-type.application";
		};
/* End PBXNativeTarget section */

/* Begin PBXProject section */
		BE570A1E1DEC8DBC00F72C93 /* Project object */ = {
			isa = PBXProject;
			attributes = {
				LastSwiftUpdateCheck = 0810;
				LastUpgradeCheck = 0820;
				ORGANIZATIONNAME = "Yau On Chow";
				TargetAttributes = {
					BE570A251DEC8DBC00F72C93 = {
						CreatedOnToolsVersion = 8.1;
						ProvisioningStyle = Automatic;
					};
				};
			};
			buildConfigurationList = BE570A211DEC8DBC00F72C93 /* Build configuration list for PBXProject "Rubbish Calculator" */;
			compatibilityVersion = "Xcode 3.2";
			developmentRegion = English;
			hasScannedForEncodings = 0;
			knownRegions = (
				en,
				Base,
			);
			mainGroup = BE570A1D1DEC8DBC00F72C93;
			productRefGroup = BE570A271DEC8DBC00F72C93 /* Products */;
			projectDirPath = "";
			projectRoot = "";
			targets = (
				BE570A251DEC8DBC00F72C93 /* Rubbish Calculator */,
			);
		};
/* End PBXProject section */

/* Begin PBXResourcesBuildPhase section */
		BE570A241DEC8DBC00F72C93 /* Resources */ = {
			isa = PBXResourcesBuildPhase;
			buildActionMask = 2147483647;
			files = (
				BEFAE1851DF556A30001E2BD /* ButtonSound.wav in Resources */,
				BEFAE1891DF7CE8E0001E2BD /* recycle-bin.jpg in Resources */,
				BE570A341DEC8DBC00F72C93 /* LaunchScreen.storyboard in Resources */,
				BE570A311DEC8DBC00F72C93 /* Assets.xcassets in Resources */,
				BE570A2F1DEC8DBC00F72C93 /* Main.storyboard in Resources */,
			);
			runOnlyForDeploymentPostprocessing = 0;
		};
/* End PBXResourcesBuildPhase section */

/* Begin PBXSourcesBuildPhase section */
		BE570A221DEC8DBC00F72C93 /* Sources */ = {
			isa = PBXSourcesBuildPhase;
			buildActionMask = 2147483647;
			files = (
				BE570A2C1DEC8DBC00F72C93 /* ViewController.swift in Sources */,
				BE570A2A1DEC8DBC00F72C93 /* AppDelegate.swift in Sources */,
			);
			runOnlyForDeploymentPostprocessing = 0;
		};
/* End PBXSourcesBuildPhase section */

/* Begin PBXVariantGroup section */
		BE570A2D1DEC8DBC00F72C93 /* Main.storyboard */ = {
			isa = PBXVariantGroup;
			children = (
				BE570A2E1DEC8DBC00F72C93 /* Base */,
			);
			name = Main.storyboard;
			sourceTree = "<group>";
		};
		BE570A321DEC8DBC00F72C93 /* LaunchScreen.storyboard */ = {
			isa = PBXVariantGroup;
			children = (
				BE570A331DEC8DBC00F72C93 /* Base */,
			);
			name = LaunchScreen.storyboard;
			sourceTree = "<group>";
		};
/* End PBXVariantGroup section */

/* Begin XCBuildConfiguration section */
		BE570A361DEC8DBC00F72C93 /* Debug */ = {
			isa = XCBuildConfiguration;
			buildSettings = {
				ALWAYS_SEARCH_USER_PATHS = NO;
				CLANG_ANALYZER_NONNULL = YES;
				CLANG_CXX_LANGUAGE_STANDARD = "gnu++0x";
				CLANG_CXX_LIBRARY = "libc++";
				CLANG_ENABLE_MODULES = YES;
				CLANG_ENABLE_OBJC_ARC = YES;
				CLANG_WARN_BOOL_CONVERSION = YES;
				CLANG_WARN_CONSTANT_CONVERSION = YES;
				CLANG_WARN_DIRECT_OBJC_ISA_USAGE = YES_ERROR;
				CLANG_WARN_DOCUMENTATION_COMMENTS = YES;
				CLANG_WARN_EMPTY_BODY = YES;
				CLANG_WARN_ENUM_CONVERSION = YES;
				CLANG_WARN_INFINITE_RECURSION = YES;
				CLANG_WARN_INT_CONVERSION = YES;
				CLANG_WARN_OBJC_ROOT_CLASS = YES_ERROR;
				CLANG_WARN_SUSPICIOUS_MOVE = YES;
				CLANG_WARN_SUSPICIOUS_MOVES = YES;
				CLANG_WARN_UNREACHABLE_CODE = YES;
				CLANG_WARN__DUPLICATE_METHOD_MATCH = YES;
				"CODE_SIGN_IDENTITY[sdk=iphoneos*]" = "iPhone Developer";
				COPY_PHASE_STRIP = NO;
				DEBUG_INFORMATION_FORMAT = dwarf;
				ENABLE_STRICT_OBJC_MSGSEND = YES;
				ENABLE_TESTABILITY = YES;
				GCC_C_LANGUAGE_STANDARD = gnu99;
				GCC_DYNAMIC_NO_PIC = NO;
				GCC_NO_COMMON_BLOCKS = YES;
				GCC_OPTIMIZATION_LEVEL = 0;
				GCC_PREPROCESSOR_DEFINITIONS = (
					"DEBUG=1",
					"$(inherited)",
				);
				GCC_WARN_64_TO_32_BIT_CONVERSION = YES;
				GCC_WARN_ABOUT_RETURN_TYPE = YES_ERROR;
				GCC_WARN_UNDECLARED_SELECTOR = YES;
				GCC_WARN_UNINITIALIZED_AUTOS = YES_AGGRESSIVE;
				GCC_WARN_UNUSED_FUNCTION = YES;
				GCC_WARN_UNUSED_VARIABLE = YES;
				IPHONEOS_DEPLOYMENT_TARGET = 10.1;
				MTL_ENABLE_DEBUG_INFO = YES;
				ONLY_ACTIVE_ARCH = YES;
				SDKROOT = iphoneos;
				SWIFT_ACTIVE_COMPILATION_CONDITIONS = DEBUG;
				SWIFT_OPTIMIZATION_LEVEL = "-Onone";
				TARGETED_DEVICE_FAMILY = "1,2";
			};
			name = Debug;
		};
		BE570A371DEC8DBC00F72C93 /* Release */ = {
			isa = XCBuildConfiguration;
			buildSettings = {
				ALWAYS_SEARCH_USER_PATHS = NO;
				CLANG_ANALYZER_NONNULL = YES;
				CLANG_CXX_LANGUAGE_STANDARD = "gnu++0x";
				CLANG_CXX_LIBRARY = "libc++";
				CLANG_ENABLE_MODULES = YES;
				CLANG_ENABLE_OBJC_ARC = YES;
				CLANG_WARN_BOOL_CONVERSION = YES;
				CLANG_WARN_CONSTANT_CONVERSION = YES;
				CLANG_WARN_DIRECT_OBJC_ISA_USAGE = YES_ERROR;
				CLANG_WARN_DOCUMENTATION_COMMENTS = YES;
				CLANG_WARN_EMPTY_BODY = YES;
				CLANG_WARN_ENUM_CONVERSION = YES;
				CLANG_WARN_INFINITE_RECURSION = YES;
				CLANG_WARN_INT_CONVERSION = YES;
				CLANG_WARN_OBJC_ROOT_CLASS = YES_ERROR;
				CLANG_WARN_SUSPICIOUS_MOVE = YES;
				CLANG_WARN_SUSPICIOUS_MOVES = YES;
				CLANG_WARN_UNREACHABLE_CODE = YES;
				CLANG_WARN__DUPLICATE_METHOD_MATCH = YES;
				"CODE_SIGN_IDENTITY[sdk=iphoneos*]" = "iPhone Developer";
				COPY_PHASE_STRIP = NO;
				DEBUG_INFORMATION_FORMAT = "dwarf-with-dsym";
				ENABLE_NS_ASSERTIONS = NO;
				ENABLE_STRICT_OBJC_MSGSEND = YES;
				GCC_C_LANGUAGE_STANDARD = gnu99;
				GCC_NO_COMMON_BLOCKS = YES;
				GCC_WARN_64_TO_32_BIT_CONVERSION = YES;
				GCC_WARN_ABOUT_RETURN_TYPE = YES_ERROR;
				GCC_WARN_UNDECLARED_SELECTOR = YES;
				GCC_WARN_UNINITIALIZED_AUTOS = YES_AGGRESSIVE;
				GCC_WARN_UNUSED_FUNCTION = YES;
				GCC_WARN_UNUSED_VARIABLE = YES;
				IPHONEOS_DEPLOYMENT_TARGET = 10.1;
				MTL_ENABLE_DEBUG_INFO = NO;
				SDKROOT = iphoneos;
				SWIFT_OPTIMIZATION_LEVEL = "-Owholemodule";
				TARGETED_DEVICE_FAMILY = "1,2";
				VALIDATE_PRODUCT = YES;
			};
			name = Release;
		};
		BE570A391DEC8DBC00F72C93 /* Debug */ = {
			isa = XCBuildConfiguration;
			buildSettings = {
				ASSETCATALOG_COMPILER_APPICON_NAME = AppIcon;
				INFOPLIST_FILE = "Rubbish Calculator/Info.plist";
				IPHONEOS_DEPLOYMENT_TARGET = 10.1;
				LD_RUNPATH_SEARCH_PATHS = "$(inherited) @executable_path/Frameworks";
				PRODUCT_BUNDLE_IDENTIFIER = "com.chrisyochow.Rubbish-Calculator";
				PRODUCT_NAME = "$(TARGET_NAME)";
				SWIFT_VERSION = 3.0;
			};
			name = Debug;
		};
		BE570A3A1DEC8DBC00F72C93 /* Release */ = {
			isa = XCBuildConfiguration;
			buildSettings = {
				ASSETCATALOG_COMPILER_APPICON_NAME = AppIcon;
				INFOPLIST_FILE = "Rubbish Calculator/Info.plist";
				IPHONEOS_DEPLOYMENT_TARGET = 10.1;
				LD_RUNPATH_SEARCH_PATHS = "$(inherited) @executable_path/Frameworks";
				PRODUCT_BUNDLE_IDENTIFIER = "com.chrisyochow.Rubbish-Calculator";
				PRODUCT_NAME = "$(TARGET_NAME)";
				SWIFT_VERSION = 3.0;
			};
			name = Release;
		};
/* End XCBuildConfiguration section */

/* Begin XCConfigurationList section */
		BE570A211DEC8DBC00F72C93 /* Build configuration list for PBXProject "Rubbish Calculator" */ = {
			isa = XCConfigurationList;
			buildConfigurations = (
				BE570A361DEC8DBC00F72C93 /* Debug */,
				BE570A371DEC8DBC00F72C93 /* Release */,
			);
			defaultConfigurationIsVisible = 0;
			defaultConfigurationName = Release;
		};
		BE570A381DEC8DBC00F72C93 /* Build configuration list for PBXNativeTarget "Rubbish Calculator" */ = {
			isa = XCConfigurationList;
			buildConfigurations = (
				BE570A391DEC8DBC00F72C93 /* Debug */,
				BE570A3A1DEC8DBC00F72C93 /* Release */,
			);
			defaultConfigurationIsVisible = 0;
			defaultConfigurationName = Release;
		};
/* End XCConfigurationList section */
	};
	rootObject = BE570A1E1DEC8DBC00F72C93 /* Project object */;
}
